
Microsoft Visual Studio Solution File, Format Version 12.00
# Visual Studio Version 17
VisualStudioVersion = 17.5.33627.172
MinimumVisualStudioVersion = 10.0.40219.1
Project("{FAE04EC0-301F-11D3-BF4B-00C04F79EFBC}") = "ImageReductor3", "ImageReductor3\ImageReductor3.csproj", "{A038CC05-66DA-4130-9478-B29010D6E63C}"
EndProject
Global
	GlobalSection(SolutionConfigurationPlatforms) = preSolution
		Debug|Any CPU = Debug|Any CPU
		Release|Any CPU = Release|Any CPU
	EndGlobalSection
	GlobalSection(ProjectConfigurationPlatforms) = postSolution
		{A038CC05-66DA-4130-9478-B29010D6E63C}.Debug|Any CPU.ActiveCfg = Debug|Any CPU
		{A038CC05-66DA-4130-9478-B29010D6E63C}.Debug|Any CPU.Build.0 = Debug|Any CPU
		{A038CC05-66DA-4130-9478-B29010D6E63C}.Release|Any CPU.ActiveCfg = Release|Any CPU
		{A038CC05-66DA-4130-9478-B29010D6E63C}.Release|Any CPU.Build.0 = Release|Any CPU
	EndGlobalSection
	GlobalSection(SolutionProperties) = preSolution
		HideSolutionNode = FALSE
	EndGlobalSection
	GlobalSection(ExtensibilityGlobals) = postSolution
		SolutionGuid = {2691D4B5-70A0-4F9D-A3F3-F4CF59CCB04A}
	EndGlobalSection
EndGlobal
